
Microsoft Visual Studio Solution File, Format Version 12.00
# Visual Studio Version 17
VisualStudioVersion = 17.4.33205.214
MinimumVisualStudioVersion = 10.0.40219.1
Project("{FAE04EC0-301F-11D3-BF4B-00C04F79EFBC}") = "XAMApp.Android", "XAMApp\XAMApp.Android\XAMApp.Android.csproj", "{40128A02-5835-4787-AE02-9982D26F6DF9}"
EndProject
Project("{9A19103F-16F7-4668-BE54-9A1E7A4F7556}") = "XAMApp", "XAMApp\XAMApp\XAMApp.csproj", "{206068A6-7456-47FE-B2E9-A869E656BF1D}"
EndProject
Project("{FAE04EC0-301F-11D3-BF4B-00C04F79EFBC}") = "NUnitTesting", "NUnitTesting\NUnitTesting.csproj", "{207B73CF-1386-44C3-8191-EEECDBD8DA9D}"
EndProject
Global
	GlobalSection(SolutionConfigurationPlatforms) = preSolution
		Debug|Any CPU = Debug|Any CPU
		Debug|iPhone = Debug|iPhone
		Debug|iPhoneSimulator = Debug|iPhoneSimulator
		Release|Any CPU = Release|Any CPU
		Release|iPhone = Release|iPhone
		Release|iPhoneSimulator = Release|iPhoneSimulator
	EndGlobalSection
	GlobalSection(ProjectConfigurationPlatforms) = postSolution
		{40128A02-5835-4787-AE02-9982D26F6DF9}.Debug|Any CPU.ActiveCfg = Debug|Any CPU
		{40128A02-5835-4787-AE02-9982D26F6DF9}.Debug|Any CPU.Build.0 = Debug|Any CPU
		{40128A02-5835-4787-AE02-9982D26F6DF9}.Debug|Any CPU.Deploy.0 = Debug|Any CPU
		{40128A02-5835-4787-AE02-9982D26F6DF9}.Debug|iPhone.ActiveCfg = Debug|Any CPU
		{40128A02-5835-4787-AE02-9982D26F6DF9}.Debug|iPhone.Build.0 = Debug|Any CPU
		{40128A02-5835-4787-AE02-9982D26F6DF9}.Debug|iPhone.Deploy.0 = Debug|Any CPU
		{40128A02-5835-4787-AE02-9982D26F6DF9}.Debug|iPhoneSimulator.ActiveCfg = Debug|Any CPU
		{40128A02-5835-4787-AE02-9982D26F6DF9}.Debug|iPhoneSimulator.Build.0 = Debug|Any CPU
		{40128A02-5835-4787-AE02-9982D26F6DF9}.Debug|iPhoneSimulator.Deploy.0 = Debug|Any CPU
		{40128A02-5835-4787-AE02-9982D26F6DF9}.Release|Any CPU.ActiveCfg = Release|Any CPU
		{40128A02-5835-4787-AE02-9982D26F6DF9}.Release|Any CPU.Build.0 = Release|Any CPU
		{40128A02-5835-4787-AE02-9982D26F6DF9}.Release|Any CPU.Deploy.0 = Release|Any CPU
		{40128A02-5835-4787-AE02-9982D26F6DF9}.Release|iPhone.ActiveCfg = Release|Any CPU
		{40128A02-5835-4787-AE02-9982D26F6DF9}.Release|iPhone.Build.0 = Release|Any CPU
		{40128A02-5835-4787-AE02-9982D26F6DF9}.Release|iPhone.Deploy.0 = Release|Any CPU
		{40128A02-5835-4787-AE02-9982D26F6DF9}.Release|iPhoneSimulator.ActiveCfg = Release|Any CPU
		{40128A02-5835-4787-AE02-9982D26F6DF9}.Release|iPhoneSimulator.Build.0 = Release|Any CPU
		{40128A02-5835-4787-AE02-9982D26F6DF9}.Release|iPhoneSimulator.Deploy.0 = Release|Any CPU
		{206068A6-7456-47FE-B2E9-A869E656BF1D}.Debug|Any CPU.ActiveCfg = Debug|Any CPU
		{206068A6-7456-47FE-B2E9-A869E656BF1D}.Debug|Any CPU.Build.0 = Debug|Any CPU
		{206068A6-7456-47FE-B2E9-A869E656BF1D}.Debug|Any CPU.Deploy.0 = Debug|Any CPU
		{206068A6-7456-47FE-B2E9-A869E656BF1D}.Debug|iPhone.ActiveCfg = Debug|Any CPU
		{206068A6-7456-47FE-B2E9-A869E656BF1D}.Debug|iPhone.Build.0 = Debug|Any CPU
		{206068A6-7456-47FE-B2E9-A869E656BF1D}.Debug|iPhone.Deploy.0 = Debug|Any CPU
		{206068A6-7456-47FE-B2E9-A869E656BF1D}.Debug|iPhoneSimulator.ActiveCfg = Debug|Any CPU
		{206068A6-7456-47FE-B2E9-A869E656BF1D}.Debug|iPhoneSimulator.Build.0 = Debug|Any CPU
		{206068A6-7456-47FE-B2E9-A869E656BF1D}.Debug|iPhoneSimulator.Deploy.0 = Debug|Any CPU
		{206068A6-7456-47FE-B2E9-A869E656BF1D}.Release|Any CPU.ActiveCfg = Release|Any CPU
		{206068A6-7456-47FE-B2E9-A869E656BF1D}.Release|Any CPU.Build.0 = Release|Any CPU
		{206068A6-7456-47FE-B2E9-A869E656BF1D}.Release|Any CPU.Deploy.0 = Release|Any CPU
		{206068A6-7456-47FE-B2E9-A869E656BF1D}.Release|iPhone.ActiveCfg = Release|Any CPU
		{206068A6-7456-47FE-B2E9-A869E656BF1D}.Release|iPhone.Build.0 = Release|Any CPU
		{206068A6-7456-47FE-B2E9-A869E656BF1D}.Release|iPhone.Deploy.0 = Release|Any CPU
		{206068A6-7456-47FE-B2E9-A869E656BF1D}.Release|iPhoneSimulator.ActiveCfg = Release|Any CPU
		{206068A6-7456-47FE-B2E9-A869E656BF1D}.Release|iPhoneSimulator.Build.0 = Release|Any CPU
		{206068A6-7456-47FE-B2E9-A869E656BF1D}.Release|iPhoneSimulator.Deploy.0 = Release|Any CPU
		{207B73CF-1386-44C3-8191-EEECDBD8DA9D}.Debug|Any CPU.ActiveCfg = Debug|Any CPU
		{207B73CF-1386-44C3-8191-EEECDBD8DA9D}.Debug|Any CPU.Build.0 = Debug|Any CPU
		{207B73CF-1386-44C3-8191-EEECDBD8DA9D}.Debug|iPhone.ActiveCfg = Debug|Any CPU
		{207B73CF-1386-44C3-8191-EEECDBD8DA9D}.Debug|iPhone.Build.0 = Debug|Any CPU
		{207B73CF-1386-44C3-8191-EEECDBD8DA9D}.Debug|iPhoneSimulator.ActiveCfg = Debug|Any CPU
		{207B73CF-1386-44C3-8191-EEECDBD8DA9D}.Debug|iPhoneSimulator.Build.0 = Debug|Any CPU
		{207B73CF-1386-44C3-8191-EEECDBD8DA9D}.Release|Any CPU.ActiveCfg = Release|Any CPU
		{207B73CF-1386-44C3-8191-EEECDBD8DA9D}.Release|Any CPU.Build.0 = Release|Any CPU
		{207B73CF-1386-44C3-8191-EEECDBD8DA9D}.Release|iPhone.ActiveCfg = Release|Any CPU
		{207B73CF-1386-44C3-8191-EEECDBD8DA9D}.Release|iPhone.Build.0 = Release|Any CPU
		{207B73CF-1386-44C3-8191-EEECDBD8DA9D}.Release|iPhoneSimulator.ActiveCfg = Release|Any CPU
		{207B73CF-1386-44C3-8191-EEECDBD8DA9D}.Release|iPhoneSimulator.Build.0 = Release|Any CPU
	EndGlobalSection
	GlobalSection(SolutionProperties) = preSolution
		HideSolutionNode = FALSE
	EndGlobalSection
	GlobalSection(ExtensibilityGlobals) = postSolution
		SolutionGuid = {1C57C215-3567-4FA9-A5BA-92D7A31FBB05}
	EndGlobalSection
EndGlobal
